PODS:
  - boost-for-react-native (1.63.0)
  - CocoaAsyncSocket (7.6.4)
  - CocoaLibEvent (1.0.0)
  - DoubleConversion (1.1.6)
  - FBLazyVector (0.63.0)
  - FBReactNativeSpec (0.63.0):
    - Folly (= 2020.01.13.00)
    - RCTRequired (= 0.63.0)
    - RCTTypeSafety (= 0.63.0)
    - React-Core (= 0.63.0)
    - React-jsi (= 0.63.0)
    - ReactCommon/turbomodule/core (= 0.63.0)
  - Flipper (0.41.5):
    - Flipper-Folly (~> 2.2)
    - Flipper-RSocket (~> 1.1)
  - Flipper-DoubleConversion (1.1.7)
  - Flipper-Folly (2.2.0):
    - boost-for-react-native
    - CocoaLibEvent (~> 1.0)
    - Flipper-DoubleConversion
    - Flipper-Glog
    - OpenSSL-Universal (= 1.0.2.19)
  - Flipper-Glog (0.3.6)
  - Flipper-PeerTalk (0.0.4)
  - Flipper-RSocket (1.1.0):
    - Flipper-Folly (~> 2.2)
  - FlipperKit (0.41.5):
    - FlipperKit/Core (= 0.41.5)
  - FlipperKit/Core (0.41.5):
    - Flipper (~> 0.41.5)
    - FlipperKit/CppBridge
    - FlipperKit/FBCxxFollyDynamicConvert
    - FlipperKit/FBDefines
    - FlipperKit/FKPortForwarding
  - FlipperKit/CppBridge (0.41.5):
    - Flipper (~> 0.41.5)
  - FlipperKit/FBCxxFollyDynamicConvert (0.41.5):
    - Flipper-Folly (~> 2.2)
  - FlipperKit/FBDefines (0.41.5)
  - FlipperKit/FKPortForwarding (0.41.5):
    - CocoaAsyncSocket (~> 7.6)
    - Flipper-PeerTalk (~> 0.0.4)
  - FlipperKit/FlipperKitHighlightOverlay (0.41.5)
  - FlipperKit/FlipperKitLayoutPlugin (0.41.5):
    - FlipperKit/Core
    - FlipperKit/FlipperKitHighlightOverlay
    - FlipperKit/FlipperKitLayoutTextSearchable
    - YogaKit (~> 1.18)
  - FlipperKit/FlipperKitLayoutTextSearchable (0.41.5)
  - FlipperKit/FlipperKitNetworkPlugin (0.41.5):
    - FlipperKit/Core
  - FlipperKit/FlipperKitReactPlugin (0.41.5):
    - FlipperKit/Core
  - FlipperKit/FlipperKitUserDefaultsPlugin (0.41.5):
    - FlipperKit/Core
  - FlipperKit/SKIOSNetworkPlugin (0.41.5):
    - FlipperKit/Core
    - FlipperKit/FlipperKitNetworkPlugin
  - Folly (2020.01.13.00):
    - boost-for-react-native
    - DoubleConversion
    - Folly/Default (= 2020.01.13.00)
    - glog
  - Folly/Default (2020.01.13.00):
    - boost-for-react-native
    - DoubleConversion
    - glog
  - glog (0.3.5)
  - OpenSSL-Universal (1.0.2.19):
    - OpenSSL-Universal/Static (= 1.0.2.19)
  - OpenSSL-Universal/Static (1.0.2.19)
  - RCTRequired (0.63.0)
  - RCTTypeSafety (0.63.0):
    - FBLazyVector (= 0.63.0)
    - Folly (= 2020.01.13.00)
    - RCTRequired (= 0.63.0)
    - React-Core (= 0.63.0)
  - React (0.63.0):
    - React-Core (= 0.63.0)
    - React-Core/DevSupport (= 0.63.0)
    - React-Core/RCTWebSocket (= 0.63.0)
    - React-RCTActionSheet (= 0.63.0)
    - React-RCTAnimation (= 0.63.0)
    - React-RCTBlob (= 0.63.0)
    - React-RCTImage (= 0.63.0)
    - React-RCTLinking (= 0.63.0)
    - React-RCTNetwork (= 0.63.0)
    - React-RCTSettings (= 0.63.0)
    - React-RCTText (= 0.63.0)
    - React-RCTVibration (= 0.63.0)
  - React-callinvoker (0.63.0)
  - React-Core (0.63.0):
    - Folly (= 2020.01.13.00)
    - glog
    - React-Core/Default (= 0.63.0)
    - React-cxxreact (= 0.63.0)
    - React-jsi (= 0.63.0)
    - React-jsiexecutor (= 0.63.0)
    - Yoga
  - React-Core/CoreModulesHeaders (0.63.0):
    - Folly (= 2020.01.13.00)
    - glog
    - React-Core/Default
    - React-cxxreact (= 0.63.0)
    - React-jsi (= 0.63.0)
    - React-jsiexecutor (= 0.63.0)
    - Yoga
  - React-Core/Default (0.63.0):
    - Folly (= 2020.01.13.00)
    - glog
    - React-cxxreact (= 0.63.0)
    - React-jsi (= 0.63.0)
    - React-jsiexecutor (= 0.63.0)
    - Yoga
  - React-Core/DevSupport (0.63.0):
    - Folly (= 2020.01.13.00)
    - glog
    - React-Core/Default (= 0.63.0)
    - React-Core/RCTWebSocket (= 0.63.0)
    - React-cxxreact (= 0.63.0)
    - React-jsi (= 0.63.0)
    - React-jsiexecutor (= 0.63.0)
    - React-jsinspector (= 0.63.0)
    - Yoga
  - React-Core/RCTActionSheetHeaders (0.63.0):
    - Folly (= 2020.01.13.00)
    - glog
    - React-Core/Default
    - React-cxxreact (= 0.63.0)
    - React-jsi (= 0.63.0)
    - React-jsiexecutor (= 0.63.0)
    - Yoga
  - React-Core/RCTAnimationHeaders (0.63.0):
    - Folly (= 2020.01.13.00)
    - glog
    - React-Core/Default
    - React-cxxreact (= 0.63.0)
    - React-jsi (= 0.63.0)
    - React-jsiexecutor (= 0.63.0)
    - Yoga
  - React-Core/RCTBlobHeaders (0.63.0):
    - Folly (= 2020.01.13.00)
    - glog
    - React-Core/Default
    - React-cxxreact (= 0.63.0)
    - React-jsi (= 0.63.0)
    - React-jsiexecutor (= 0.63.0)
    - Yoga
  - React-Core/RCTImageHeaders (0.63.0):
    - Folly (= 2020.01.13.00)
    - glog
    - React-Core/Default
    - React-cxxreact (= 0.63.0)
    - React-jsi (= 0.63.0)
    - React-jsiexecutor (= 0.63.0)
    - Yoga
  - React-Core/RCTLinkingHeaders (0.63.0):
    - Folly (= 2020.01.13.00)
    - glog
    - React-Core/Default
    - React-cxxreact (= 0.63.0)
    - React-jsi (= 0.63.0)
    - React-jsiexecutor (= 0.63.0)
    - Yoga
  - React-Core/RCTNetworkHeaders (0.63.0):
    - Folly (= 2020.01.13.00)
    - glog
    - React-Core/Default
    - React-cxxreact (= 0.63.0)
    - React-jsi (= 0.63.0)
    - React-jsiexecutor (= 0.63.0)
    - Yoga
  - React-Core/RCTSettingsHeaders (0.63.0):
    - Folly (= 2020.01.13.00)
    - glog
    - React-Core/Default
    - React-cxxreact (= 0.63.0)
    - React-jsi (= 0.63.0)
    - React-jsiexecutor (= 0.63.0)
    - Yoga
  - React-Core/RCTTextHeaders (0.63.0):
    - Folly (= 2020.01.13.00)
    - glog
    - React-Core/Default
    - React-cxxreact (= 0.63.0)
    - React-jsi (= 0.63.0)
    - React-jsiexecutor (= 0.63.0)
    - Yoga
  - React-Core/RCTVibrationHeaders (0.63.0):
    - Folly (= 2020.01.13.00)
    - glog
    - React-Core/Default
    - React-cxxreact (= 0.63.0)
    - React-jsi (= 0.63.0)
    - React-jsiexecutor (= 0.63.0)
    - Yoga
  - React-Core/RCTWebSocket (0.63.0):
    - Folly (= 2020.01.13.00)
    - glog
    - React-Core/Default (= 0.63.0)
    - React-cxxreact (= 0.63.0)
    - React-jsi (= 0.63.0)
    - React-jsiexecutor (= 0.63.0)
    - Yoga
  - React-CoreModules (0.63.0):
    - FBReactNativeSpec (= 0.63.0)
    - Folly (= 2020.01.13.00)
    - RCTTypeSafety (= 0.63.0)
    - React-Core/CoreModulesHeaders (= 0.63.0)
    - React-jsi (= 0.63.0)
    - React-RCTImage (= 0.63.0)
    - ReactCommon/turbomodule/core (= 0.63.0)
  - React-cxxreact (0.63.0):
    - boost-for-react-native (= 1.63.0)
    - DoubleConversion
    - Folly (= 2020.01.13.00)
    - glog
    - React-callinvoker (= 0.63.0)
    - React-jsinspector (= 0.63.0)
  - React-jsi (0.63.0):
    - boost-for-react-native (= 1.63.0)
    - DoubleConversion
    - Folly (= 2020.01.13.00)
    - glog
    - React-jsi/Default (= 0.63.0)
  - React-jsi/Default (0.63.0):
    - boost-for-react-native (= 1.63.0)
    - DoubleConversion
    - Folly (= 2020.01.13.00)
    - glog
  - React-jsiexecutor (0.63.0):
    - DoubleConversion
    - Folly (= 2020.01.13.00)
    - glog
    - React-cxxreact (= 0.63.0)
    - React-jsi (= 0.63.0)
  - React-jsinspector (0.63.0)
  - React-RCTActionSheet (0.63.0):
    - React-Core/RCTActionSheetHeaders (= 0.63.0)
  - React-RCTAnimation (0.63.0):
    - FBReactNativeSpec (= 0.63.0)
    - Folly (= 2020.01.13.00)
    - RCTTypeSafety (= 0.63.0)
    - React-Core/RCTAnimationHeaders (= 0.63.0)
    - React-jsi (= 0.63.0)
    - ReactCommon/turbomodule/core (= 0.63.0)
  - React-RCTBlob (0.63.0):
    - FBReactNativeSpec (= 0.63.0)
    - Folly (= 2020.01.13.00)
    - React-Core/RCTBlobHeaders (= 0.63.0)
    - React-Core/RCTWebSocket (= 0.63.0)
    - React-jsi (= 0.63.0)
    - React-RCTNetwork (= 0.63.0)
    - ReactCommon/turbomodule/core (= 0.63.0)
  - React-RCTImage (0.63.0):
    - FBReactNativeSpec (= 0.63.0)
    - Folly (= 2020.01.13.00)
    - RCTTypeSafety (= 0.63.0)
    - React-Core/RCTImageHeaders (= 0.63.0)
    - React-jsi (= 0.63.0)
    - React-RCTNetwork (= 0.63.0)
    - ReactCommon/turbomodule/core (= 0.63.0)
  - React-RCTLinking (0.63.0):
    - FBReactNativeSpec (= 0.63.0)
    - React-Core/RCTLinkingHeaders (= 0.63.0)
    - React-jsi (= 0.63.0)
    - ReactCommon/turbomodule/core (= 0.63.0)
  - React-RCTNetwork (0.63.0):
    - FBReactNativeSpec (= 0.63.0)
    - Folly (= 2020.01.13.00)
    - RCTTypeSafety (= 0.63.0)
    - React-Core/RCTNetworkHeaders (= 0.63.0)
    - React-jsi (= 0.63.0)
    - ReactCommon/turbomodule/core (= 0.63.0)
  - React-RCTSettings (0.63.0):
    - FBReactNativeSpec (= 0.63.0)
    - Folly (= 2020.01.13.00)
    - RCTTypeSafety (= 0.63.0)
    - React-Core/RCTSettingsHeaders (= 0.63.0)
    - React-jsi (= 0.63.0)
    - ReactCommon/turbomodule/core (= 0.63.0)
  - React-RCTText (0.63.0):
    - React-Core/RCTTextHeaders (= 0.63.0)
  - React-RCTVibration (0.63.0):
    - FBReactNativeSpec (= 0.63.0)
    - Folly (= 2020.01.13.00)
    - React-Core/RCTVibrationHeaders (= 0.63.0)
    - React-jsi (= 0.63.0)
    - ReactCommon/turbomodule/core (= 0.63.0)
  - ReactCommon/turbomodule/core (0.63.0):
    - DoubleConversion
    - Folly (= 2020.01.13.00)
    - glog
    - React-callinvoker (= 0.63.0)
    - React-Core (= 0.63.0)
    - React-cxxreact (= 0.63.0)
    - React-jsi (= 0.63.0)
  - RNGestureHandler (1.6.1):
    - React
  - RNReanimated (1.9.0):
    - React
  - RNScreens (2.9.0):
    - React
  - Yoga (1.14.0)
  - YogaKit (1.18.1):
    - Yoga (~> 1.14)

DEPENDENCIES:
  - DoubleConversion (from `../node_modules/react-native/third-party-podspecs/DoubleConversion.podspec`)
  - FBLazyVector (from `../node_modules/react-native/Libraries/FBLazyVector`)
  - FBReactNativeSpec (from `../node_modules/react-native/Libraries/FBReactNativeSpec`)
  - Flipper (~> 0.41.1)
  - Flipper-DoubleConversion (= 1.1.7)
  - Flipper-Folly (~> 2.2)
  - Flipper-Glog (= 0.3.6)
  - Flipper-PeerTalk (~> 0.0.4)
  - Flipper-RSocket (~> 1.1)
  - FlipperKit (~> 0.41.1)
  - FlipperKit/Core (~> 0.41.1)
  - FlipperKit/CppBridge (~> 0.41.1)
  - FlipperKit/FBCxxFollyDynamicConvert (~> 0.41.1)
  - FlipperKit/FBDefines (~> 0.41.1)
  - FlipperKit/FKPortForwarding (~> 0.41.1)
  - FlipperKit/FlipperKitHighlightOverlay (~> 0.41.1)
  - FlipperKit/FlipperKitLayoutPlugin (~> 0.41.1)
  - FlipperKit/FlipperKitLayoutTextSearchable (~> 0.41.1)
  - FlipperKit/FlipperKitNetworkPlugin (~> 0.41.1)
  - FlipperKit/FlipperKitReactPlugin (~> 0.41.1)
  - FlipperKit/FlipperKitUserDefaultsPlugin (~> 0.41.1)
  - FlipperKit/SKIOSNetworkPlugin (~> 0.41.1)
  - Folly (from `../node_modules/react-native/third-party-podspecs/Folly.podspec`)
  - glog (from `../node_modules/react-native/third-party-podspecs/glog.podspec`)
  - RCTRequired (from `../node_modules/react-native/Libraries/RCTRequired`)
  - RCTTypeSafety (from `../node_modules/react-native/Libraries/TypeSafety`)
  - React (from `../node_modules/react-native/`)
  - React-callinvoker (from `../node_modules/react-native/ReactCommon/callinvoker`)
  - React-Core (from `../node_modules/react-native/`)
  - React-Core/DevSupport (from `../node_modules/react-native/`)
  - React-Core/RCTWebSocket (from `../node_modules/react-native/`)
  - React-CoreModules (from `../node_modules/react-native/React/CoreModules`)
  - React-cxxreact (from `../node_modules/react-native/ReactCommon/cxxreact`)
  - React-jsi (from `../node_modules/react-native/ReactCommon/jsi`)
  - React-jsiexecutor (from `../node_modules/react-native/ReactCommon/jsiexecutor`)
  - React-jsinspector (from `../node_modules/react-native/ReactCommon/jsinspector`)
  - React-RCTActionSheet (from `../node_modules/react-native/Libraries/ActionSheetIOS`)
  - React-RCTAnimation (from `../node_modules/react-native/Libraries/NativeAnimation`)
  - React-RCTBlob (from `../node_modules/react-native/Libraries/Blob`)
  - React-RCTImage (from `../node_modules/react-native/Libraries/Image`)
  - React-RCTLinking (from `../node_modules/react-native/Libraries/LinkingIOS`)
  - React-RCTNetwork (from `../node_modules/react-native/Libraries/Network`)
  - React-RCTSettings (from `../node_modules/react-native/Libraries/Settings`)
  - React-RCTText (from `../node_modules/react-native/Libraries/Text`)
  - React-RCTVibration (from `../node_modules/react-native/Libraries/Vibration`)
  - ReactCommon/turbomodule/core (from `../node_modules/react-native/ReactCommon`)
  - RNGestureHandler (from `../node_modules/react-native-gesture-handler`)
  - RNReanimated (from `../node_modules/react-native-reanimated`)
  - RNScreens (from `../node_modules/react-native-screens`)
  - Yoga (from `../node_modules/react-native/ReactCommon/yoga`)

SPEC REPOS:
  trunk:
    - boost-for-react-native
    - CocoaAsyncSocket
    - CocoaLibEvent
    - Flipper
    - Flipper-DoubleConversion
    - Flipper-Folly
    - Flipper-Glog
    - Flipper-PeerTalk
    - Flipper-RSocket
    - FlipperKit
    - OpenSSL-Universal
    - YogaKit

EXTERNAL SOURCES:
  DoubleConversion:
    :podspec: "../node_modules/react-native/third-party-podspecs/DoubleConversion.podspec"
  FBLazyVector:
    :path: "../node_modules/react-native/Libraries/FBLazyVector"
  FBReactNativeSpec:
    :path: "../node_modules/react-native/Libraries/FBReactNativeSpec"
  Folly:
    :podspec: "../node_modules/react-native/third-party-podspecs/Folly.podspec"
  glog:
    :podspec: "../node_modules/react-native/third-party-podspecs/glog.podspec"
  RCTRequired:
    :path: "../node_modules/react-native/Libraries/RCTRequired"
  RCTTypeSafety:
    :path: "../node_modules/react-native/Libraries/TypeSafety"
  React:
    :path: "../node_modules/react-native/"
  React-callinvoker:
    :path: "../node_modules/react-native/ReactCommon/callinvoker"
  React-Core:
    :path: "../node_modules/react-native/"
  React-CoreModules:
    :path: "../node_modules/react-native/React/CoreModules"
  React-cxxreact:
    :path: "../node_modules/react-native/ReactCommon/cxxreact"
  React-jsi:
    :path: "../node_modules/react-native/ReactCommon/jsi"
  React-jsiexecutor:
    :path: "../node_modules/react-native/ReactCommon/jsiexecutor"
  React-jsinspector:
    :path: "../node_modules/react-native/ReactCommon/jsinspector"
  React-RCTActionSheet:
    :path: "../node_modules/react-native/Libraries/ActionSheetIOS"
  React-RCTAnimation:
    :path: "../node_modules/react-native/Libraries/NativeAnimation"
  React-RCTBlob:
    :path: "../node_modules/react-native/Libraries/Blob"
  React-RCTImage:
    :path: "../node_modules/react-native/Libraries/Image"
  React-RCTLinking:
    :path: "../node_modules/react-native/Libraries/LinkingIOS"
  React-RCTNetwork:
    :path: "../node_modules/react-native/Libraries/Network"
  React-RCTSettings:
    :path: "../node_modules/react-native/Libraries/Settings"
  React-RCTText:
    :path: "../node_modules/react-native/Libraries/Text"
  React-RCTVibration:
    :path: "../node_modules/react-native/Libraries/Vibration"
  ReactCommon:
    :path: "../node_modules/react-native/ReactCommon"
  RNGestureHandler:
    :path: "../node_modules/react-native-gesture-handler"
  RNReanimated:
    :path: "../node_modules/react-native-reanimated"
  RNScreens:
    :path: "../node_modules/react-native-screens"
  Yoga:
    :path: "../node_modules/react-native/ReactCommon/yoga"

SPEC CHECKSUMS:
  boost-for-react-native: 39c7adb57c4e60d6c5479dd8623128eb5b3f0f2c
  CocoaAsyncSocket: 694058e7c0ed05a9e217d1b3c7ded962f4180845
  CocoaLibEvent: 2fab71b8bd46dd33ddb959f7928ec5909f838e3f
  DoubleConversion: cde416483dac037923206447da6e1454df403714
  FBLazyVector: 6f1045c66f816849b33c4ff28930b611e89059a0
  FBReactNativeSpec: e856d5103d749483f86f53afafd8df4ed8a776bd
  Flipper: 33585e2d9810fe5528346be33bcf71b37bb7ae13
  Flipper-DoubleConversion: 38631e41ef4f9b12861c67d17cb5518d06badc41
  Flipper-Folly: c12092ea368353b58e992843a990a3225d4533c3
  Flipper-Glog: 1dfd6abf1e922806c52ceb8701a3599a79a200a6
  Flipper-PeerTalk: 116d8f857dc6ef55c7a5a75ea3ceaafe878aadc9
  Flipper-RSocket: 64e7431a55835eb953b0bf984ef3b90ae9fdddd7
  FlipperKit: bc68102cd4952a258a23c9c1b316c7bec1fecf83
  Folly: b73c3869541e86821df3c387eb0af5f65addfab4
  glog: 40a13f7840415b9a77023fbcae0f1e6f43192af3
  OpenSSL-Universal: 8b48cc0d10c1b2923617dfe5c178aa9ed2689355
  RCTRequired: e46bb77db03887b3e200d34b08515c804669db99
  RCTTypeSafety: 270fed6675c42f80fb87b47d626ef3cede1505e6
  React: e008906ff1328f9bccb345ff4f7826397ad223fc
  React-callinvoker: f547824e0a626f4bce516ee65f548004b0784e7e
  React-Core: 1c28d2ecde60ded3fe42d8db4f684afb8709757b
  React-CoreModules: 8e6139e59f5347e2cf3ceb63e4532fb5b4b39a2d
  React-cxxreact: 98fef06e1ca59eb075ef5bc4c6f256d5c6840936
  React-jsi: 254710f3a97e587427bfbf3011dacec2af66a1fc
  React-jsiexecutor: 0e0cb4e170ca72d4bb1179843d08dcbea3d100ac
  React-jsinspector: fc661eff8edbfb7e22119382c13f33bcadde0f3c
  React-RCTActionSheet: aadd91a1d6cbfae50dd41f140004f816e9e47ade
  React-RCTAnimation: 7fa2ef6c0ef1e3f0b7d2261c827ec94412deb5e6
  React-RCTBlob: ccbbc70295aee3a76a70323b48f63fb7a7fcffd6
  React-RCTImage: d94eb3080b37a4527ade4dd5f9f1289b7ba68089
  React-RCTLinking: ddd2a1ddb699bade352d4747d5652f4c425c747a
  React-RCTNetwork: 4590b11cc6e99eb01a48f1c03bcadfb8b792d005
  React-RCTSettings: 9197a492268a088c5213ef8a08cfc60b7a141369
  React-RCTText: ba503bf4cce41881ca258ba789c33e017955efdd
  React-RCTVibration: 77ab1cf4a5eb854b88ad5ed3e9d8509ed124525e
  ReactCommon: f63556ee9e41e9802257228237e5e660451a03cf
  RNGestureHandler: 8f09cd560f8d533eb36da5a6c5a843af9f056b38
  RNReanimated: b5ccb50650ba06f6e749c7c329a1bc3ae0c88b43
  RNScreens: c526239bbe0e957b988dacc8d75ac94ec9cb19da
  Yoga: 7d2edc5b410474191962e6dee88ee67f9b328b6b
  YogaKit: f782866e155069a2cca2517aafea43200b01fd5a

PODFILE CHECKSUM: e25a4f49fb371e2f341db9dc0893d6e999552221

COCOAPODS: 1.8.4
